// !$*UTF8*$!
{
	archiveVersion = 1;
	classes = {
	};
	objectVersion = 46;
	objects = {

/* Begin PBXBuildFile section */
		B56E599D1CF3EFE700E3071E /* AppDelegate.swift in Sources */ = {isa = PBXBuildFile; fileRef = B56E599C1CF3EFE700E3071E /* AppDelegate.swift */; };
		B56E599F1CF3EFE700E3071E /* ViewController.swift in Sources */ = {isa = PBXBuildFile; fileRef = B56E599E1CF3EFE700E3071E /* ViewController.swift */; };
		B56E59A21CF3EFE700E3071E /* Main.storyboard in Resources */ = {isa = PBXBuildFile; fileRef = B56E59A01CF3EFE700E3071E /* Main.storyboard */; };
		B56E59A41CF3EFE700E3071E /* Assets.xcassets in Resources */ = {isa = PBXBuildFile; fileRef = B56E59A31CF3EFE700E3071E /* Assets.xcassets */; };
		B56E59A71CF3EFE700E3071E /* LaunchScreen.storyboard in Resources */ = {isa = PBXBuildFile; fileRef = B56E59A51CF3EFE700E3071E /* LaunchScreen.storyboard */; };
/* End PBXBuildFile section */

/* Begin PBXFileReference section */
		B56E59991CF3EFE700E3071E /* howManyFingers.app */ = {isa = PBXFileReference; explicitFileType = wrapper.application; includeInIndex = 0; path = howManyFingers.app; sourceTree = BUILT_PRODUCTS_DIR; };
		B56E599C1CF3EFE700E3071E /* AppDelegate.swift */ = {isa = PBXFileReference; lastKnownFileType = sourcecode.swift; path = AppDelegate.swift; sourceTree = "<group>"; };
		B56E599E1CF3EFE700E3071E /* ViewController.swift */ = {isa = PBXFileReference; lastKnownFileType = sourcecode.swift; path = ViewController.swift; sourceTree = "<group>"; };
		B56E59A11CF3EFE700E3071E /* Base */ = {isa = PBXFileReference; lastKnownFileType = file.storyboard; name = Base; path = Base.lproj/Main.storyboard; sourceTree = "<group>"; };
		B56E59A31CF3EFE700E3071E /* Assets.xcassets */ = {isa = PBXFileReference; lastKnownFileType = folder.assetcatalog; path = Assets.xcassets; sourceTree = "<group>"; };
		B56E59A61CF3EFE700E3071E /* Base */ = {isa = PBXFileReference; lastKnownFileType = file.storyboard; name = Base; path = Base.lproj/LaunchScreen.storyboard; sourceTree = "<group>"; };
		B56E59A81CF3EFE700E3071E /* Info.plist */ = {isa = PBXFileReference; lastKnownFileType = text.plist.xml; path = Info.plist; sourceTree = "<group>"; };
/* End PBXFileReference section */

/* Begin PBXFrameworksBuildPhase section */
		B56E59961CF3EFE700E3071E /* Frameworks */ = {
			isa = PBXFrameworksBuildPhase;
			buildActionMask = 2147483647;
			files = (
			);
			runOnlyForDeploymentPostprocessing = 0;
		};
/* End PBXFrameworksBuildPhase section */

/* Begin PBXGroup section */
		B56E59901CF3EFE700E3071E = {
			isa = PBXGroup;
			children = (
				B56E599B1CF3EFE700E3071E /* howManyFingers */,
				B56E599A1CF3EFE700E3071E /* Products */,
			);
			sourceTree = "<group>";
		};
		B56E599A1CF3EFE700E3071E /* Products */ = {
			isa = PBXGroup;
			children = (
				B56E59991CF3EFE700E3071E /* howManyFingers.app */,
			);
			name = Products;
			sourceTree = "<group>";
		};
		B56E599B1CF3EFE700E3071E /* howManyFingers */ = {
			isa = PBXGroup;
			children = (
				B56E599C1CF3EFE700E3071E /* AppDelegate.swift */,
				B56E599E1CF3EFE700E3071E /* ViewController.swift */,
				B56E59A01CF3EFE700E3071E /* Main.storyboard */,
				B56E59A31CF3EFE700E3071E /* Assets.xcassets */,
				B56E59A51CF3EFE700E3071E /* LaunchScreen.storyboard */,
				B56E59A81CF3EFE700E3071E /* Info.plist */,
			);
			path = howManyFingers;
			sourceTree = "<group>";
		};
/* End PBXGroup section */

/* Begin PBXNativeTarget section */
		B56E59981CF3EFE700E3071E /* howManyFingers */ = {
			isa = PBXNativeTarget;
			buildConfigurationList = B56E59AB1CF3EFE700E3071E /* Build configuration list for PBXNativeTarget "howManyFingers" */;
			buildPhases = (
				B56E59951CF3EFE700E3071E /* Sources */,
				B56E59961CF3EFE700E3071E /* Frameworks */,
				B56E59971CF3EFE700E3071E /* Resources */,
			);
			buildRules = (
			);
			dependencies = (
			);
			name = howManyFingers;
			productName = howManyFingers;
			productReference = B56E59991CF3EFE700E3071E /* howManyFingers.app */;
			productType = "com.apple.product-type.application";
		};
/* End PBXNativeTarget section */

/* Begin PBXProject section */
		B56E59911CF3EFE700E3071E /* Project object */ = {
			isa = PBXProject;
			attributes = {
				LastSwiftUpdateCheck = 0730;
				LastUpgradeCheck = 0730;
				ORGANIZATIONNAME = JTFStudios;
				TargetAttributes = {
					B56E59981CF3EFE700E3071E = {
						CreatedOnToolsVersion = 7.3.1;
					};
				};
			};
			buildConfigurationList = B56E59941CF3EFE700E3071E /* Build configuration list for PBXProject "howManyFingers" */;
			compatibilityVersion = "Xcode 3.2";
			developmentRegion = English;
			hasScannedForEncodings = 0;
			knownRegions = (
				en,
				Base,
			);
			mainGroup = B56E59901CF3EFE700E3071E;
			productRefGroup = B56E599A1CF3EFE700E3071E /* Products */;
			projectDirPath = "";
			projectRoot = "";
			targets = (
				B56E59981CF3EFE700E3071E /* howManyFingers */,
			);
		};
/* End PBXProject section */

/* Begin PBXResourcesBuildPhase section */
		B56E59971CF3EFE700E3071E /* Resources */ = {
			isa = PBXResourcesBuildPhase;
			buildActionMask = 2147483647;
			files = (
				B56E59A71CF3EFE700E3071E /* LaunchScreen.storyboard in Resources */,
				B56E59A41CF3EFE700E3071E /* Assets.xcassets in Resources */,
				B56E59A21CF3EFE700E3071E /* Main.storyboard in Resources */,
			);
			runOnlyForDeploymentPostprocessing = 0;
		};
/* End PBXResourcesBuildPhase section */

/* Begin PBXSourcesBuildPhase section */
		B56E59951CF3EFE700E3071E /* Sources */ = {
			isa = PBXSourcesBuildPhase;
			buildActionMask = 2147483647;
			files = (
				B56E599F1CF3EFE700E3071E /* ViewController.swift in Sources */,
				B56E599D1CF3EFE700E3071E /* AppDelegate.swift in Sources */,
			);
			runOnlyForDeploymentPostprocessing = 0;
		};
/* End PBXSourcesBuildPhase section */

/* Begin PBXVariantGroup section */
		B56E59A01CF3EFE700E3071E /* Main.storyboard */ = {
			isa = PBXVariantGroup;
			children = (
				B56E59A11CF3EFE700E3071E /* Base */,
			);
			name = Main.storyboard;
			sourceTree = "<group>";
		};
		B56E59A51CF3EFE700E3071E /* LaunchScreen.storyboard */ = {
			isa = PBXVariantGroup;
			children = (
				B56E59A61CF3EFE700E3071E /* Base */,
			);
			name = LaunchScreen.storyboard;
			sourceTree = "<group>";
		};
/* End PBXVariantGroup section */

/* Begin XCBuildConfiguration section */
		B56E59A91CF3EFE700E3071E /* Debug */ = {
			isa = XCBuildConfiguration;
			buildSettings = {
				ALWAYS_SEARCH_USER_PATHS = NO;
				CLANG_ANALYZER_NONNULL = YES;
				CLANG_CXX_LANGUAGE_STANDARD = "gnu++0x";
				CLANG_CXX_LIBRARY = "libc++";
				CLANG_ENABLE_MODULES = YES;
				CLANG_ENABLE_OBJC_ARC = YES;
				CLANG_WARN_BOOL_CONVERSION = YES;
				CLANG_WARN_CONSTANT_CONVERSION = YES;
				CLANG_WARN_DIRECT_OBJC_ISA_USAGE = YES_ERROR;
				CLANG_WARN_EMPTY_BODY = YES;
				CLANG_WARN_ENUM_CONVERSION = YES;
				CLANG_WARN_INT_CONVERSION = YES;
				CLANG_WARN_OBJC_ROOT_CLASS = YES_ERROR;
				CLANG_WARN_UNREACHABLE_CODE = YES;
				CLANG_WARN__DUPLICATE_METHOD_MATCH = YES;
				"CODE_SIGN_IDENTITY[sdk=iphoneos*]" = "iPhone Developer";
				COPY_PHASE_STRIP = NO;
				DEBUG_INFORMATION_FORMAT = dwarf;
				ENABLE_STRICT_OBJC_MSGSEND = YES;
				ENABLE_TESTABILITY = YES;
				GCC_C_LANGUAGE_STANDARD = gnu99;
				GCC_DYNAMIC_NO_PIC = NO;
				GCC_NO_COMMON_BLOCKS = YES;
				GCC_OPTIMIZATION_LEVEL = 0;
				GCC_PREPROCESSOR_DEFINITIONS = (
					"DEBUG=1",
					"$(inherited)",
				);
				GCC_WARN_64_TO_32_BIT_CONVERSION = YES;
				GCC_WARN_ABOUT_RETURN_TYPE = YES_ERROR;
				GCC_WARN_UNDECLARED_SELECTOR = YES;
				GCC_WARN_UNINITIALIZED_AUTOS = YES_AGGRESSIVE;
				GCC_WARN_UNUSED_FUNCTION = YES;
				GCC_WARN_UNUSED_VARIABLE = YES;
				IPHONEOS_DEPLOYMENT_TARGET = 9.3;
				MTL_ENABLE_DEBUG_INFO = YES;
				ONLY_ACTIVE_ARCH = YES;
				SDKROOT = iphoneos;
				SWIFT_OPTIMIZATION_LEVEL = "-Onone";
			};
			name = Debug;
		};
		B56E59AA1CF3EFE700E3071E /* Release */ = {
			isa = XCBuildConfiguration;
			buildSettings = {
				ALWAYS_SEARCH_USER_PATHS = NO;
				CLANG_ANALYZER_NONNULL = YES;
				CLANG_CXX_LANGUAGE_STANDARD = "gnu++0x";
				CLANG_CXX_LIBRARY = "libc++";
				CLANG_ENABLE_MODULES = YES;
				CLANG_ENABLE_OBJC_ARC = YES;
				CLANG_WARN_BOOL_CONVERSION = YES;
				CLANG_WARN_CONSTANT_CONVERSION = YES;
				CLANG_WARN_DIRECT_OBJC_ISA_USAGE = YES_ERROR;
				CLANG_WARN_EMPTY_BODY = YES;
				CLANG_WARN_ENUM_CONVERSION = YES;
				CLANG_WARN_INT_CONVERSION = YES;
				CLANG_WARN_OBJC_ROOT_CLASS = YES_ERROR;
				CLANG_WARN_UNREACHABLE_CODE = YES;
				CLANG_WARN__DUPLICATE_METHOD_MATCH = YES;
				"CODE_SIGN_IDENTITY[sdk=iphoneos*]" = "iPhone Developer";
				COPY_PHASE_STRIP = NO;
				DEBUG_INFORMATION_FORMAT = "dwarf-with-dsym";
				ENABLE_NS_ASSERTIONS = NO;
				ENABLE_STRICT_OBJC_MSGSEND = YES;
				GCC_C_LANGUAGE_STANDARD = gnu99;
				GCC_NO_COMMON_BLOCKS = YES;
				GCC_WARN_64_TO_32_BIT_CONVERSION = YES;
				GCC_WARN_ABOUT_RETURN_TYPE = YES_ERROR;
				GCC_WARN_UNDECLARED_SELECTOR = YES;
				GCC_WARN_UNINITIALIZED_AUTOS = YES_AGGRESSIVE;
				GCC_WARN_UNUSED_FUNCTION = YES;
				GCC_WARN_UNUSED_VARIABLE = YES;
				IPHONEOS_DEPLOYMENT_TARGET = 9.3;
				MTL_ENABLE_DEBUG_INFO = NO;
				SDKROOT = iphoneos;
				VALIDATE_PRODUCT = YES;
			};
			name = Release;
		};
		B56E59AC1CF3EFE700E3071E /* Debug */ = {
			isa = XCBuildConfiguration;
			buildSettings = {
				ASSETCATALOG_COMPILER_APPICON_NAME = AppIcon;
				INFOPLIST_FILE = howManyFingers/Info.plist;
				LD_RUNPATH_SEARCH_PATHS = "$(inherited) @executable_path/Frameworks";
				PRODUCT_BUNDLE_IDENTIFIER = com.jtfstudios.howManyFingers;
				PRODUCT_NAME = "$(TARGET_NAME)";
			};
			name = Debug;
		};
		B56E59AD1CF3EFE700E3071E /* Release */ = {
			isa = XCBuildConfiguration;
			buildSettings = {
				ASSETCATALOG_COMPILER_APPICON_NAME = AppIcon;
				INFOPLIST_FILE = howManyFingers/Info.plist;
				LD_RUNPATH_SEARCH_PATHS = "$(inherited) @executable_path/Frameworks";
				PRODUCT_BUNDLE_IDENTIFIER = com.jtfstudios.howManyFingers;
				PRODUCT_NAME = "$(TARGET_NAME)";
			};
			name = Release;
		};
/* End XCBuildConfiguration section */

/* Begin XCConfigurationList section */
		B56E59941CF3EFE700E3071E /* Build configuration list for PBXProject "howManyFingers" */ = {
			isa = XCConfigurationList;
			buildConfigurations = (
				B56E59A91CF3EFE700E3071E /* Debug */,
				B56E59AA1CF3EFE700E3071E /* Release */,
			);
			defaultConfigurationIsVisible = 0;
			defaultConfigurationName = Release;
		};
		B56E59AB1CF3EFE700E3071E /* Build configuration list for PBXNativeTarget "howManyFingers" */ = {
			isa = XCConfigurationList;
			buildConfigurations = (
				B56E59AC1CF3EFE700E3071E /* Debug */,
				B56E59AD1CF3EFE700E3071E /* Release */,
			);
			defaultConfigurationIsVisible = 0;
		};
/* End XCConfigurationList section */
	};
	rootObject = B56E59911CF3EFE700E3071E /* Project object */;
}
